// !$*UTF8*$!
{
	archiveVersion = 1;
	classes = {
	};
	objectVersion = 50;
	objects = {

/* Begin PBXBuildFile section */
		782C9C7C218317AB006ADAEA /* AppDelegate.swift in Sources */ = {isa = PBXBuildFile; fileRef = 782C9C7B218317AB006ADAEA /* AppDelegate.swift */; };
		782C9C7E218317AB006ADAEA /* GameScene.sks in Resources */ = {isa = PBXBuildFile; fileRef = 782C9C7D218317AB006ADAEA /* GameScene.sks */; };
		782C9C80218317AB006ADAEA /* Actions.sks in Resources */ = {isa = PBXBuildFile; fileRef = 782C9C7F218317AB006ADAEA /* Actions.sks */; };
		782C9C82218317AB006ADAEA /* GameScene.swift in Sources */ = {isa = PBXBuildFile; fileRef = 782C9C81218317AB006ADAEA /* GameScene.swift */; };
		782C9C84218317AB006ADAEA /* GameViewController.swift in Sources */ = {isa = PBXBuildFile; fileRef = 782C9C83218317AB006ADAEA /* GameViewController.swift */; };
		782C9C87218317AB006ADAEA /* Main.storyboard in Resources */ = {isa = PBXBuildFile; fileRef = 782C9C85218317AB006ADAEA /* Main.storyboard */; };
		782C9C89218317AC006ADAEA /* Assets.xcassets in Resources */ = {isa = PBXBuildFile; fileRef = 782C9C88218317AC006ADAEA /* Assets.xcassets */; };
		782C9C8C218317AC006ADAEA /* LaunchScreen.storyboard in Resources */ = {isa = PBXBuildFile; fileRef = 782C9C8A218317AC006ADAEA /* LaunchScreen.storyboard */; };
		782C9D062187B4EE006ADAEA /* CameraController.swift in Sources */ = {isa = PBXBuildFile; fileRef = 782C9D052187B4ED006ADAEA /* CameraController.swift */; };
/* End PBXBuildFile section */

/* Begin PBXFileReference section */
		782C9C78218317AB006ADAEA /* Pong.app */ = {isa = PBXFileReference; explicitFileType = wrapper.application; includeInIndex = 0; path = Pong.app; sourceTree = BUILT_PRODUCTS_DIR; };
		782C9C7B218317AB006ADAEA /* AppDelegate.swift */ = {isa = PBXFileReference; lastKnownFileType = sourcecode.swift; path = AppDelegate.swift; sourceTree = "<group>"; };
		782C9C7D218317AB006ADAEA /* GameScene.sks */ = {isa = PBXFileReference; lastKnownFileType = file.sks; path = GameScene.sks; sourceTree = "<group>"; };
		782C9C7F218317AB006ADAEA /* Actions.sks */ = {isa = PBXFileReference; lastKnownFileType = file.sks; path = Actions.sks; sourceTree = "<group>"; };
		782C9C81218317AB006ADAEA /* GameScene.swift */ = {isa = PBXFileReference; lastKnownFileType = sourcecode.swift; path = GameScene.swift; sourceTree = "<group>"; };
		782C9C83218317AB006ADAEA /* GameViewController.swift */ = {isa = PBXFileReference; lastKnownFileType = sourcecode.swift; path = GameViewController.swift; sourceTree = "<group>"; };
		782C9C86218317AB006ADAEA /* Base */ = {isa = PBXFileReference; lastKnownFileType = file.storyboard; name = Base; path = Base.lproj/Main.storyboard; sourceTree = "<group>"; };
		782C9C88218317AC006ADAEA /* Assets.xcassets */ = {isa = PBXFileReference; lastKnownFileType = folder.assetcatalog; path = Assets.xcassets; sourceTree = "<group>"; };
		782C9C8B218317AC006ADAEA /* Base */ = {isa = PBXFileReference; lastKnownFileType = file.storyboard; name = Base; path = Base.lproj/LaunchScreen.storyboard; sourceTree = "<group>"; };
		782C9C8D218317AC006ADAEA /* Info.plist */ = {isa = PBXFileReference; lastKnownFileType = text.plist.xml; path = Info.plist; sourceTree = "<group>"; };
		782C9D052187B4ED006ADAEA /* CameraController.swift */ = {isa = PBXFileReference; fileEncoding = 4; lastKnownFileType = sourcecode.swift; path = CameraController.swift; sourceTree = "<group>"; };
/* End PBXFileReference section */

/* Begin PBXFrameworksBuildPhase section */
		782C9C75218317AB006ADAEA /* Frameworks */ = {
			isa = PBXFrameworksBuildPhase;
			buildActionMask = 2147483647;
			files = (
			);
			runOnlyForDeploymentPostprocessing = 0;
		};
/* End PBXFrameworksBuildPhase section */

/* Begin PBXGroup section */
		782C9C6F218317AB006ADAEA = {
			isa = PBXGroup;
			children = (
				782C9C7A218317AB006ADAEA /* Pong */,
				782C9C79218317AB006ADAEA /* Products */,
			);
			sourceTree = "<group>";
		};
		782C9C79218317AB006ADAEA /* Products */ = {
			isa = PBXGroup;
			children = (
				782C9C78218317AB006ADAEA /* Pong.app */,
			);
			name = Products;
			sourceTree = "<group>";
		};
		782C9C7A218317AB006ADAEA /* Pong */ = {
			isa = PBXGroup;
			children = (
				782C9C81218317AB006ADAEA /* GameScene.swift */,
				782C9C83218317AB006ADAEA /* GameViewController.swift */,
				782C9D052187B4ED006ADAEA /* CameraController.swift */,
				782C9C7D218317AB006ADAEA /* GameScene.sks */,
				782C9C7F218317AB006ADAEA /* Actions.sks */,
				782C9C85218317AB006ADAEA /* Main.storyboard */,
				782C9D07218889B4006ADAEA /* Supporting Files */,
			);
			path = Pong;
			sourceTree = "<group>";
		};
		782C9D07218889B4006ADAEA /* Supporting Files */ = {
			isa = PBXGroup;
			children = (
				782C9C7B218317AB006ADAEA /* AppDelegate.swift */,
				782C9C88218317AC006ADAEA /* Assets.xcassets */,
				782C9C8A218317AC006ADAEA /* LaunchScreen.storyboard */,
				782C9C8D218317AC006ADAEA /* Info.plist */,
			);
			path = "Supporting Files";
			sourceTree = "<group>";
		};
/* End PBXGroup section */

/* Begin PBXNativeTarget section */
		782C9C77218317AB006ADAEA /* Pong */ = {
			isa = PBXNativeTarget;
			buildConfigurationList = 782C9C90218317AC006ADAEA /* Build configuration list for PBXNativeTarget "Pong" */;
			buildPhases = (
				782C9C74218317AB006ADAEA /* Sources */,
				782C9C75218317AB006ADAEA /* Frameworks */,
				782C9C76218317AB006ADAEA /* Resources */,
			);
			buildRules = (
			);
			dependencies = (
			);
			name = Pong;
			productName = Pong;
			productReference = 782C9C78218317AB006ADAEA /* Pong.app */;
			productType = "com.apple.product-type.application";
		};
/* End PBXNativeTarget section */

/* Begin PBXProject section */
		782C9C70218317AB006ADAEA /* Project object */ = {
			isa = PBXProject;
			attributes = {
				LastSwiftUpdateCheck = 1000;
				LastUpgradeCheck = 1000;
				ORGANIZATIONNAME = "Nazar Prysiazhnyi";
				TargetAttributes = {
					782C9C77218317AB006ADAEA = {
						CreatedOnToolsVersion = 10.0;
					};
				};
			};
			buildConfigurationList = 782C9C73218317AB006ADAEA /* Build configuration list for PBXProject "Pong" */;
			compatibilityVersion = "Xcode 9.3";
			developmentRegion = en;
			hasScannedForEncodings = 0;
			knownRegions = (
				en,
				Base,
			);
			mainGroup = 782C9C6F218317AB006ADAEA;
			productRefGroup = 782C9C79218317AB006ADAEA /* Products */;
			projectDirPath = "";
			projectRoot = "";
			targets = (
				782C9C77218317AB006ADAEA /* Pong */,
			);
		};
/* End PBXProject section */

/* Begin PBXResourcesBuildPhase section */
		782C9C76218317AB006ADAEA /* Resources */ = {
			isa = PBXResourcesBuildPhase;
			buildActionMask = 2147483647;
			files = (
				782C9C87218317AB006ADAEA /* Main.storyboard in Resources */,
				782C9C7E218317AB006ADAEA /* GameScene.sks in Resources */,
				782C9C89218317AC006ADAEA /* Assets.xcassets in Resources */,
				782C9C8C218317AC006ADAEA /* LaunchScreen.storyboard in Resources */,
				782C9C80218317AB006ADAEA /* Actions.sks in Resources */,
			);
			runOnlyForDeploymentPostprocessing = 0;
		};
/* End PBXResourcesBuildPhase section */

/* Begin PBXSourcesBuildPhase section */
		782C9C74218317AB006ADAEA /* Sources */ = {
			isa = PBXSourcesBuildPhase;
			buildActionMask = 2147483647;
			files = (
				782C9C82218317AB006ADAEA /* GameScene.swift in Sources */,
				782C9C84218317AB006ADAEA /* GameViewController.swift in Sources */,
				782C9D062187B4EE006ADAEA /* CameraController.swift in Sources */,
				782C9C7C218317AB006ADAEA /* AppDelegate.swift in Sources */,
			);
			runOnlyForDeploymentPostprocessing = 0;
		};
/* End PBXSourcesBuildPhase section */

/* Begin PBXVariantGroup section */
		782C9C85218317AB006ADAEA /* Main.storyboard */ = {
			isa = PBXVariantGroup;
			children = (
				782C9C86218317AB006ADAEA /* Base */,
			);
			name = Main.storyboard;
			sourceTree = "<group>";
		};
		782C9C8A218317AC006ADAEA /* LaunchScreen.storyboard */ = {
			isa = PBXVariantGroup;
			children = (
				782C9C8B218317AC006ADAEA /* Base */,
			);
			name = LaunchScreen.storyboard;
			sourceTree = "<group>";
		};
/* End PBXVariantGroup section */

/* Begin XCBuildConfiguration section */
		782C9C8E218317AC006ADAEA /* Debug */ = {
			isa = XCBuildConfiguration;
			buildSettings = {
				ALWAYS_SEARCH_USER_PATHS = NO;
				CLANG_ANALYZER_NONNULL = YES;
				CLANG_ANALYZER_NUMBER_OBJECT_CONVERSION = YES_AGGRESSIVE;
				CLANG_CXX_LANGUAGE_STANDARD = "gnu++14";
				CLANG_CXX_LIBRARY = "libc++";
				CLANG_ENABLE_MODULES = YES;
				CLANG_ENABLE_OBJC_ARC = YES;
				CLANG_ENABLE_OBJC_WEAK = YES;
				CLANG_WARN_BLOCK_CAPTURE_AUTORELEASING = YES;
				CLANG_WARN_BOOL_CONVERSION = YES;
				CLANG_WARN_COMMA = YES;
				CLANG_WARN_CONSTANT_CONVERSION = YES;
				CLANG_WARN_DEPRECATED_OBJC_IMPLEMENTATIONS = YES;
				CLANG_WARN_DIRECT_OBJC_ISA_USAGE = YES_ERROR;
				CLANG_WARN_DOCUMENTATION_COMMENTS = YES;
				CLANG_WARN_EMPTY_BODY = YES;
				CLANG_WARN_ENUM_CONVERSION = YES;
				CLANG_WARN_INFINITE_RECURSION = YES;
				CLANG_WARN_INT_CONVERSION = YES;
				CLANG_WARN_NON_LITERAL_NULL_CONVERSION = YES;
				CLANG_WARN_OBJC_IMPLICIT_RETAIN_SELF = YES;
				CLANG_WARN_OBJC_LITERAL_CONVERSION = YES;
				CLANG_WARN_OBJC_ROOT_CLASS = YES_ERROR;
				CLANG_WARN_RANGE_LOOP_ANALYSIS = YES;
				CLANG_WARN_STRICT_PROTOTYPES = YES;
				CLANG_WARN_SUSPICIOUS_MOVE = YES;
				CLANG_WARN_UNGUARDED_AVAILABILITY = YES_AGGRESSIVE;
				CLANG_WARN_UNREACHABLE_CODE = YES;
				CLANG_WARN__DUPLICATE_METHOD_MATCH = YES;
				CODE_SIGN_IDENTITY = "iPhone Developer";
				COPY_PHASE_STRIP = NO;
				DEBUG_INFORMATION_FORMAT = dwarf;
				ENABLE_STRICT_OBJC_MSGSEND = YES;
				ENABLE_TESTABILITY = YES;
				GCC_C_LANGUAGE_STANDARD = gnu11;
				GCC_DYNAMIC_NO_PIC = NO;
				GCC_NO_COMMON_BLOCKS = YES;
				GCC_OPTIMIZATION_LEVEL = 0;
				GCC_PREPROCESSOR_DEFINITIONS = (
					"DEBUG=1",
					"$(inherited)",
				);
				GCC_WARN_64_TO_32_BIT_CONVERSION = YES;
				GCC_WARN_ABOUT_RETURN_TYPE = YES_ERROR;
				GCC_WARN_UNDECLARED_SELECTOR = YES;
				GCC_WARN_UNINITIALIZED_AUTOS = YES_AGGRESSIVE;
				GCC_WARN_UNUSED_FUNCTION = YES;
				GCC_WARN_UNUSED_VARIABLE = YES;
				IPHONEOS_DEPLOYMENT_TARGET = 12.0;
				MTL_ENABLE_DEBUG_INFO = INCLUDE_SOURCE;
				MTL_FAST_MATH = YES;
				ONLY_ACTIVE_ARCH = YES;
				SDKROOT = iphoneos;
				SWIFT_ACTIVE_COMPILATION_CONDITIONS = DEBUG;
				SWIFT_OPTIMIZATION_LEVEL = "-Onone";
			};
			name = Debug;
		};
		782C9C8F218317AC006ADAEA /* Release */ = {
			isa = XCBuildConfiguration;
			buildSettings = {
				ALWAYS_SEARCH_USER_PATHS = NO;
				CLANG_ANALYZER_NONNULL = YES;
				CLANG_ANALYZER_NUMBER_OBJECT_CONVERSION = YES_AGGRESSIVE;
				CLANG_CXX_LANGUAGE_STANDARD = "gnu++14";
				CLANG_CXX_LIBRARY = "libc++";
				CLANG_ENABLE_MODULES = YES;
				CLANG_ENABLE_OBJC_ARC = YES;
				CLANG_ENABLE_OBJC_WEAK = YES;
				CLANG_WARN_BLOCK_CAPTURE_AUTORELEASING = YES;
				CLANG_WARN_BOOL_CONVERSION = YES;
				CLANG_WARN_COMMA = YES;
				CLANG_WARN_CONSTANT_CONVERSION = YES;
				CLANG_WARN_DEPRECATED_OBJC_IMPLEMENTATIONS = YES;
				CLANG_WARN_DIRECT_OBJC_ISA_USAGE = YES_ERROR;
				CLANG_WARN_DOCUMENTATION_COMMENTS = YES;
				CLANG_WARN_EMPTY_BODY = YES;
				CLANG_WARN_ENUM_CONVERSION = YES;
				CLANG_WARN_INFINITE_RECURSION = YES;
				CLANG_WARN_INT_CONVERSION = YES;
				CLANG_WARN_NON_LITERAL_NULL_CONVERSION = YES;
				CLANG_WARN_OBJC_IMPLICIT_RETAIN_SELF = YES;
				CLANG_WARN_OBJC_LITERAL_CONVERSION = YES;
				CLANG_WARN_OBJC_ROOT_CLASS = YES_ERROR;
				CLANG_WARN_RANGE_LOOP_ANALYSIS = YES;
				CLANG_WARN_STRICT_PROTOTYPES = YES;
				CLANG_WARN_SUSPICIOUS_MOVE = YES;
				CLANG_WARN_UNGUARDED_AVAILABILITY = YES_AGGRESSIVE;
				CLANG_WARN_UNREACHABLE_CODE = YES;
				CLANG_WARN__DUPLICATE_METHOD_MATCH = YES;
				CODE_SIGN_IDENTITY = "iPhone Developer";
				COPY_PHASE_STRIP = NO;
				DEBUG_INFORMATION_FORMAT = "dwarf-with-dsym";
				ENABLE_NS_ASSERTIONS = NO;
				ENABLE_STRICT_OBJC_MSGSEND = YES;
				GCC_C_LANGUAGE_STANDARD = gnu11;
				GCC_NO_COMMON_BLOCKS = YES;
				GCC_WARN_64_TO_32_BIT_CONVERSION = YES;
				GCC_WARN_ABOUT_RETURN_TYPE = YES_ERROR;
				GCC_WARN_UNDECLARED_SELECTOR = YES;
				GCC_WARN_UNINITIALIZED_AUTOS = YES_AGGRESSIVE;
				GCC_WARN_UNUSED_FUNCTION = YES;
				GCC_WARN_UNUSED_VARIABLE = YES;
				IPHONEOS_DEPLOYMENT_TARGET = 12.0;
				MTL_ENABLE_DEBUG_INFO = NO;
				MTL_FAST_MATH = YES;
				SDKROOT = iphoneos;
				SWIFT_COMPILATION_MODE = wholemodule;
				SWIFT_OPTIMIZATION_LEVEL = "-O";
				VALIDATE_PRODUCT = YES;
			};
			name = Release;
		};
		782C9C91218317AC006ADAEA /* Debug */ = {
			isa = XCBuildConfiguration;
			buildSettings = {
				ASSETCATALOG_COMPILER_APPICON_NAME = AppIcon;
				CODE_SIGN_STYLE = Automatic;
				DEVELOPMENT_TEAM = CSCETSS9EC;
				INFOPLIST_FILE = "$(SRCROOT)/Pong/Supporting Files/Info.plist";
				LD_RUNPATH_SEARCH_PATHS = (
					"$(inherited)",
					"@executable_path/Frameworks",
				);
				PRODUCT_BUNDLE_IDENTIFIER = "Nazar-P.Pong";
				PRODUCT_NAME = "$(TARGET_NAME)";
				SWIFT_VERSION = 4.2;
				TARGETED_DEVICE_FAMILY = "1,2";
			};
			name = Debug;
		};
		782C9C92218317AC006ADAEA /* Release */ = {
			isa = XCBuildConfiguration;
			buildSettings = {
				ASSETCATALOG_COMPILER_APPICON_NAME = AppIcon;
				CODE_SIGN_STYLE = Automatic;
				DEVELOPMENT_TEAM = CSCETSS9EC;
				INFOPLIST_FILE = "$(SRCROOT)/Pong/Supporting Files/Info.plist";
				LD_RUNPATH_SEARCH_PATHS = (
					"$(inherited)",
					"@executable_path/Frameworks",
				);
				PRODUCT_BUNDLE_IDENTIFIER = "Nazar-P.Pong";
				PRODUCT_NAME = "$(TARGET_NAME)";
				SWIFT_VERSION = 4.2;
				TARGETED_DEVICE_FAMILY = "1,2";
			};
			name = Release;
		};
/* End XCBuildConfiguration section */

/* Begin XCConfigurationList section */
		782C9C73218317AB006ADAEA /* Build configuration list for PBXProject "Pong" */ = {
			isa = XCConfigurationList;
			buildConfigurations = (
				782C9C8E218317AC006ADAEA /* Debug */,
				782C9C8F218317AC006ADAEA /* Release */,
			);
			defaultConfigurationIsVisible = 0;
			defaultConfigurationName = Release;
		};
		782C9C90218317AC006ADAEA /* Build configuration list for PBXNativeTarget "Pong" */ = {
			isa = XCConfigurationList;
			buildConfigurations = (
				782C9C91218317AC006ADAEA /* Debug */,
				782C9C92218317AC006ADAEA /* Release */,
			);
			defaultConfigurationIsVisible = 0;
			defaultConfigurationName = Release;
		};
/* End XCConfigurationList section */
	};
	rootObject = 782C9C70218317AB006ADAEA /* Project object */;
}
